
Microsoft Visual Studio Solution File, Format Version 12.00
# Visual Studio Version 16
VisualStudioVersion = 16.0.30621.155
MinimumVisualStudioVersion = 10.0.40219.1
Project("{9A19103F-16F7-4668-BE54-9A1E7A4F7556}") = "DatabaseConnection1", "DatabaseConnection1\DatabaseConnection1.csproj", "{503F99C1-CF1D-4A5A-93E5-2DD1E20C0263}"
EndProject
Global
	GlobalSection(SolutionConfigurationPlatforms) = preSolution
		Debug|Any CPU = Debug|Any CPU
		Release|Any CPU = Release|Any CPU
	EndGlobalSection
	GlobalSection(ProjectConfigurationPlatforms) = postSolution
		{503F99C1-CF1D-4A5A-93E5-2DD1E20C0263}.Debug|Any CPU.ActiveCfg = Debug|Any CPU
		{503F99C1-CF1D-4A5A-93E5-2DD1E20C0263}.Debug|Any CPU.Build.0 = Debug|Any CPU
		{503F99C1-CF1D-4A5A-93E5-2DD1E20C0263}.Release|Any CPU.ActiveCfg = Release|Any CPU
		{503F99C1-CF1D-4A5A-93E5-2DD1E20C0263}.Release|Any CPU.Build.0 = Release|Any CPU
	EndGlobalSection
	GlobalSection(SolutionProperties) = preSolution
		HideSolutionNode = FALSE
	EndGlobalSection
	GlobalSection(ExtensibilityGlobals) = postSolution
		SolutionGuid = {B9007353-492E-43FB-9386-135B7B224979}
	EndGlobalSection
EndGlobal
